
Microsoft Visual Studio Solution File, Format Version 12.00
# Visual Studio Version 16
VisualStudioVersion = 16.0.29411.108
MinimumVisualStudioVersion = 10.0.40219.1
Project("{FAE04EC0-301F-11D3-BF4B-00C04F79EFBC}") = "Vile-CodeFirst-2", "Vile-CodeFirst-2.csproj", "{95577643-2939-4233-9832-FD87C8AC7750}"
EndProject
Global
	GlobalSection(SolutionConfigurationPlatforms) = preSolution
		Debug|Any CPU = Debug|Any CPU
		Release|Any CPU = Release|Any CPU
	EndGlobalSection
	GlobalSection(ProjectConfigurationPlatforms) = postSolution
		{95577643-2939-4233-9832-FD87C8AC7750}.Debug|Any CPU.ActiveCfg = Debug|Any CPU
		{95577643-2939-4233-9832-FD87C8AC7750}.Debug|Any CPU.Build.0 = Debug|Any CPU
		{95577643-2939-4233-9832-FD87C8AC7750}.Release|Any CPU.ActiveCfg = Release|Any CPU
		{95577643-2939-4233-9832-FD87C8AC7750}.Release|Any CPU.Build.0 = Release|Any CPU
	EndGlobalSection
	GlobalSection(SolutionProperties) = preSolution
		HideSolutionNode = FALSE
	EndGlobalSection
	GlobalSection(ExtensibilityGlobals) = postSolution
		SolutionGuid = {4D1C7686-38AF-42A5-90BE-B76AA93859A3}
	EndGlobalSection
EndGlobal
